
Microsoft Visual Studio Solution File, Format Version 12.00
# Visual Studio Version 16
VisualStudioVersion = 16.0.29306.81
MinimumVisualStudioVersion = 10.0.40219.1
Project("{FAE04EC0-301F-11D3-BF4B-00C04F79EFBC}") = "ContactAppUI", "NoteAppUI\ContactAppUI.csproj", "{C452953E-52F3-4FA8-BA00-0D51354612CB}"
EndProject
Global
	GlobalSection(SolutionConfigurationPlatforms) = preSolution
		Debug|Any CPU = Debug|Any CPU
		Release|Any CPU = Release|Any CPU
	EndGlobalSection
	GlobalSection(ProjectConfigurationPlatforms) = postSolution
		{C452953E-52F3-4FA8-BA00-0D51354612CB}.Debug|Any CPU.ActiveCfg = Debug|Any CPU
		{C452953E-52F3-4FA8-BA00-0D51354612CB}.Debug|Any CPU.Build.0 = Debug|Any CPU
		{C452953E-52F3-4FA8-BA00-0D51354612CB}.Release|Any CPU.ActiveCfg = Release|Any CPU
		{C452953E-52F3-4FA8-BA00-0D51354612CB}.Release|Any CPU.Build.0 = Release|Any CPU
	EndGlobalSection
	GlobalSection(SolutionProperties) = preSolution
		HideSolutionNode = FALSE
	EndGlobalSection
	GlobalSection(ExtensibilityGlobals) = postSolution
		SolutionGuid = {3EEDF82C-C1D6-4960-8F1E-FDEAEA4C4373}
	EndGlobalSection
EndGlobal
